
Microsoft Visual Studio Solution File, Format Version 12.00
# Visual Studio Version 17
VisualStudioVersion = 17.7.34202.233
MinimumVisualStudioVersion = 10.0.40219.1
Project("{9A19103F-16F7-4668-BE54-9A1E7A4F7556}") = "cms", "cms.csproj", "{E0706F43-38E6-4F9A-B124-0E1823DC0613}"
EndProject
Global
	GlobalSection(SolutionConfigurationPlatforms) = preSolution
		Debug|Any CPU = Debug|Any CPU
		Release|Any CPU = Release|Any CPU
	EndGlobalSection
	GlobalSection(ProjectConfigurationPlatforms) = postSolution
		{E0706F43-38E6-4F9A-B124-0E1823DC0613}.Debug|Any CPU.ActiveCfg = Debug|Any CPU
		{E0706F43-38E6-4F9A-B124-0E1823DC0613}.Debug|Any CPU.Build.0 = Debug|Any CPU
		{E0706F43-38E6-4F9A-B124-0E1823DC0613}.Release|Any CPU.ActiveCfg = Release|Any CPU
		{E0706F43-38E6-4F9A-B124-0E1823DC0613}.Release|Any CPU.Build.0 = Release|Any CPU
	EndGlobalSection
	GlobalSection(SolutionProperties) = preSolution
		HideSolutionNode = FALSE
	EndGlobalSection
	GlobalSection(ExtensibilityGlobals) = postSolution
		SolutionGuid = {A3C4E335-A050-459E-9F0E-6A4944A10DC8}
	EndGlobalSection
EndGlobal
